
Microsoft Visual Studio Solution File, Format Version 12.00
# Visual Studio Version 16
VisualStudioVersion = 16.0.31515.178
MinimumVisualStudioVersion = 10.0.40219.1
Project("{FAE04EC0-301F-11D3-BF4B-00C04F79EFBC}") = "CajeroAutomatico", "CajeroAutomatico\CajeroAutomatico.csproj", "{2A6A9F71-89FE-4B02-AD8E-8E068FAF358F}"
EndProject
Global
	GlobalSection(SolutionConfigurationPlatforms) = preSolution
		Debug|Any CPU = Debug|Any CPU
		Release|Any CPU = Release|Any CPU
	EndGlobalSection
	GlobalSection(ProjectConfigurationPlatforms) = postSolution
		{2A6A9F71-89FE-4B02-AD8E-8E068FAF358F}.Debug|Any CPU.ActiveCfg = Debug|Any CPU
		{2A6A9F71-89FE-4B02-AD8E-8E068FAF358F}.Debug|Any CPU.Build.0 = Debug|Any CPU
		{2A6A9F71-89FE-4B02-AD8E-8E068FAF358F}.Release|Any CPU.ActiveCfg = Release|Any CPU
		{2A6A9F71-89FE-4B02-AD8E-8E068FAF358F}.Release|Any CPU.Build.0 = Release|Any CPU
	EndGlobalSection
	GlobalSection(SolutionProperties) = preSolution
		HideSolutionNode = FALSE
	EndGlobalSection
	GlobalSection(ExtensibilityGlobals) = postSolution
		SolutionGuid = {FCD89896-583F-49D5-8F8A-433E04C3A60D}
	EndGlobalSection
EndGlobal
